
Microsoft Visual Studio Solution File, Format Version 12.00
Project("{FAE04EC0-301F-11D3-BF4B-00C04F79EFBC}") = "Pt1Practice", "Pt1Practice\Pt1Practice.csproj", "{1611EF00-60E4-43BC-9A0C-A93C9EC3C8B4}"
EndProject
Project("{FAE04EC0-301F-11D3-BF4B-00C04F79EFBC}") = "Wk1Problem1", "Wk1Problem1\Wk1Problem1.csproj", "{CE07BECA-E3A4-4E68-B339-3016800323EC}"
EndProject
Project("{FAE04EC0-301F-11D3-BF4B-00C04F79EFBC}") = "Wk1Problem2", "Wk1Problem2\Wk1Problem2.csproj", "{615413F4-2DA0-44CE-9CEA-888F193EAAED}"
EndProject
Project("{FAE04EC0-301F-11D3-BF4B-00C04F79EFBC}") = "Wk3Problem1", "Wk3Problem1\Wk3Problem1.csproj", "{623DA56D-DD08-45E3-96F7-8C6CCF1513B9}"
EndProject
Project("{FAE04EC0-301F-11D3-BF4B-00C04F79EFBC}") = "Wk3Problem2", "Wk3Problem2\Wk3Problem2.csproj", "{9988E6E2-485C-4106-A40C-0C0AEFA29CDF}"
EndProject
Global
	GlobalSection(SolutionConfigurationPlatforms) = preSolution
		Debug|Any CPU = Debug|Any CPU
		Release|Any CPU = Release|Any CPU
	EndGlobalSection
	GlobalSection(ProjectConfigurationPlatforms) = postSolution
		{1611EF00-60E4-43BC-9A0C-A93C9EC3C8B4}.Debug|Any CPU.ActiveCfg = Debug|Any CPU
		{1611EF00-60E4-43BC-9A0C-A93C9EC3C8B4}.Debug|Any CPU.Build.0 = Debug|Any CPU
		{1611EF00-60E4-43BC-9A0C-A93C9EC3C8B4}.Release|Any CPU.ActiveCfg = Release|Any CPU
		{1611EF00-60E4-43BC-9A0C-A93C9EC3C8B4}.Release|Any CPU.Build.0 = Release|Any CPU
		{CE07BECA-E3A4-4E68-B339-3016800323EC}.Debug|Any CPU.ActiveCfg = Debug|Any CPU
		{CE07BECA-E3A4-4E68-B339-3016800323EC}.Debug|Any CPU.Build.0 = Debug|Any CPU
		{CE07BECA-E3A4-4E68-B339-3016800323EC}.Release|Any CPU.ActiveCfg = Release|Any CPU
		{CE07BECA-E3A4-4E68-B339-3016800323EC}.Release|Any CPU.Build.0 = Release|Any CPU
		{615413F4-2DA0-44CE-9CEA-888F193EAAED}.Debug|Any CPU.ActiveCfg = Debug|Any CPU
		{615413F4-2DA0-44CE-9CEA-888F193EAAED}.Debug|Any CPU.Build.0 = Debug|Any CPU
		{615413F4-2DA0-44CE-9CEA-888F193EAAED}.Release|Any CPU.ActiveCfg = Release|Any CPU
		{615413F4-2DA0-44CE-9CEA-888F193EAAED}.Release|Any CPU.Build.0 = Release|Any CPU
		{623DA56D-DD08-45E3-96F7-8C6CCF1513B9}.Debug|Any CPU.ActiveCfg = Debug|Any CPU
		{623DA56D-DD08-45E3-96F7-8C6CCF1513B9}.Debug|Any CPU.Build.0 = Debug|Any CPU
		{623DA56D-DD08-45E3-96F7-8C6CCF1513B9}.Release|Any CPU.ActiveCfg = Release|Any CPU
		{623DA56D-DD08-45E3-96F7-8C6CCF1513B9}.Release|Any CPU.Build.0 = Release|Any CPU
		{9988E6E2-485C-4106-A40C-0C0AEFA29CDF}.Debug|Any CPU.ActiveCfg = Debug|Any CPU
		{9988E6E2-485C-4106-A40C-0C0AEFA29CDF}.Debug|Any CPU.Build.0 = Debug|Any CPU
		{9988E6E2-485C-4106-A40C-0C0AEFA29CDF}.Release|Any CPU.ActiveCfg = Release|Any CPU
		{9988E6E2-485C-4106-A40C-0C0AEFA29CDF}.Release|Any CPU.Build.0 = Release|Any CPU
	EndGlobalSection
EndGlobal
